
Microsoft Visual Studio Solution File, Format Version 12.00
Project("{FAE04EC0-301F-11D3-BF4B-00C04F79EFBC}") = "Sunnyyssh.ConsoleUI", "Sunnyyssh.ConsoleUI\Sunnyyssh.ConsoleUI.csproj", "{D2DEF911-758D-4738-AFEB-9C95AEF9FB79}"
EndProject
Project("{FAE04EC0-301F-11D3-BF4B-00C04F79EFBC}") = "Test", "Test\Test.csproj", "{20B9AB92-CE55-4487-A7A0-AA62EDF5FA56}"
EndProject
Global
	GlobalSection(SolutionConfigurationPlatforms) = preSolution
		Debug|Any CPU = Debug|Any CPU
		Release|Any CPU = Release|Any CPU
	EndGlobalSection
	GlobalSection(ProjectConfigurationPlatforms) = postSolution
		{D2DEF911-758D-4738-AFEB-9C95AEF9FB79}.Debug|Any CPU.ActiveCfg = Debug|Any CPU
		{D2DEF911-758D-4738-AFEB-9C95AEF9FB79}.Debug|Any CPU.Build.0 = Debug|Any CPU
		{D2DEF911-758D-4738-AFEB-9C95AEF9FB79}.Release|Any CPU.ActiveCfg = Release|Any CPU
		{D2DEF911-758D-4738-AFEB-9C95AEF9FB79}.Release|Any CPU.Build.0 = Release|Any CPU
		{20B9AB92-CE55-4487-A7A0-AA62EDF5FA56}.Debug|Any CPU.ActiveCfg = Debug|Any CPU
		{20B9AB92-CE55-4487-A7A0-AA62EDF5FA56}.Debug|Any CPU.Build.0 = Debug|Any CPU
		{20B9AB92-CE55-4487-A7A0-AA62EDF5FA56}.Release|Any CPU.ActiveCfg = Release|Any CPU
		{20B9AB92-CE55-4487-A7A0-AA62EDF5FA56}.Release|Any CPU.Build.0 = Release|Any CPU
	EndGlobalSection
EndGlobal
